
Microsoft Visual Studio Solution File, Format Version 12.00
# Visual Studio Version 16
VisualStudioVersion = 16.0.31515.178
MinimumVisualStudioVersion = 10.0.40219.1
Project("{9A19103F-16F7-4668-BE54-9A1E7A4F7556}") = "Amiable.Tester", "Amiable.Tester\Amiable.Tester.csproj", "{A8AA2F43-C304-4022-9F92-92460C8845CD}"
EndProject
Project("{FAE04EC0-301F-11D3-BF4B-00C04F79EFBC}") = "Amiable.SDK", "Amiable.SDK\Amiable.SDK.csproj", "{84A9B9C7-C073-4EAF-A151-75CD2954C44B}"
EndProject
Project("{FAE04EC0-301F-11D3-BF4B-00C04F79EFBC}") = "Amiable.Adapter.XQ", "Amiable.Adapter.XQ\Amiable.Adapter.XQ.csproj", "{EC265BDA-77D4-497F-A4A5-D44231C29897}"
EndProject
Project("{FAE04EC0-301F-11D3-BF4B-00C04F79EFBC}") = "Amiable.Core", "Amiable.Core\Amiable.Core.csproj", "{930D789A-B5DC-4DC4-B7AB-AE29F6920FD9}"
EndProject
Project("{FAE04EC0-301F-11D3-BF4B-00C04F79EFBC}") = "Amiable.Example", "Amiable.Example\Amiable.Example.csproj", "{41342086-6A9D-45CD-9A81-1CC87381D255}"
EndProject
Project("{FAE04EC0-301F-11D3-BF4B-00C04F79EFBC}") = "Amiable.Adapter.Kum", "Amiable.Adapter.Kum\Amiable.Adapter.Kum.csproj", "{E7C115FD-C0A8-45AD-A527-369C7E4FCCB0}"
EndProject
Global
	GlobalSection(SolutionConfigurationPlatforms) = preSolution
		Debug|Any CPU = Debug|Any CPU
		Debug|x86 = Debug|x86
		Release|Any CPU = Release|Any CPU
		Release|x86 = Release|x86
	EndGlobalSection
	GlobalSection(ProjectConfigurationPlatforms) = postSolution
		{A8AA2F43-C304-4022-9F92-92460C8845CD}.Debug|Any CPU.ActiveCfg = Debug|Any CPU
		{A8AA2F43-C304-4022-9F92-92460C8845CD}.Debug|Any CPU.Build.0 = Debug|Any CPU
		{A8AA2F43-C304-4022-9F92-92460C8845CD}.Debug|x86.ActiveCfg = Debug|x86
		{A8AA2F43-C304-4022-9F92-92460C8845CD}.Debug|x86.Build.0 = Debug|x86
		{A8AA2F43-C304-4022-9F92-92460C8845CD}.Release|Any CPU.ActiveCfg = Release|Any CPU
		{A8AA2F43-C304-4022-9F92-92460C8845CD}.Release|Any CPU.Build.0 = Release|Any CPU
		{A8AA2F43-C304-4022-9F92-92460C8845CD}.Release|x86.ActiveCfg = Release|Any CPU
		{A8AA2F43-C304-4022-9F92-92460C8845CD}.Release|x86.Build.0 = Release|Any CPU
		{84A9B9C7-C073-4EAF-A151-75CD2954C44B}.Debug|Any CPU.ActiveCfg = Debug|Any CPU
		{84A9B9C7-C073-4EAF-A151-75CD2954C44B}.Debug|Any CPU.Build.0 = Debug|Any CPU
		{84A9B9C7-C073-4EAF-A151-75CD2954C44B}.Debug|x86.ActiveCfg = Debug|x86
		{84A9B9C7-C073-4EAF-A151-75CD2954C44B}.Debug|x86.Build.0 = Debug|x86
		{84A9B9C7-C073-4EAF-A151-75CD2954C44B}.Release|Any CPU.ActiveCfg = Release|Any CPU
		{84A9B9C7-C073-4EAF-A151-75CD2954C44B}.Release|Any CPU.Build.0 = Release|Any CPU
		{84A9B9C7-C073-4EAF-A151-75CD2954C44B}.Release|x86.ActiveCfg = Release|Any CPU
		{84A9B9C7-C073-4EAF-A151-75CD2954C44B}.Release|x86.Build.0 = Release|Any CPU
		{EC265BDA-77D4-497F-A4A5-D44231C29897}.Debug|Any CPU.ActiveCfg = Debug|Any CPU
		{EC265BDA-77D4-497F-A4A5-D44231C29897}.Debug|Any CPU.Build.0 = Debug|Any CPU
		{EC265BDA-77D4-497F-A4A5-D44231C29897}.Debug|x86.ActiveCfg = Debug|x86
		{EC265BDA-77D4-497F-A4A5-D44231C29897}.Debug|x86.Build.0 = Debug|x86
		{EC265BDA-77D4-497F-A4A5-D44231C29897}.Release|Any CPU.ActiveCfg = Release|Any CPU
		{EC265BDA-77D4-497F-A4A5-D44231C29897}.Release|Any CPU.Build.0 = Release|Any CPU
		{EC265BDA-77D4-497F-A4A5-D44231C29897}.Release|x86.ActiveCfg = Release|Any CPU
		{EC265BDA-77D4-497F-A4A5-D44231C29897}.Release|x86.Build.0 = Release|Any CPU
		{930D789A-B5DC-4DC4-B7AB-AE29F6920FD9}.Debug|Any CPU.ActiveCfg = Debug|Any CPU
		{930D789A-B5DC-4DC4-B7AB-AE29F6920FD9}.Debug|Any CPU.Build.0 = Debug|Any CPU
		{930D789A-B5DC-4DC4-B7AB-AE29F6920FD9}.Debug|x86.ActiveCfg = Debug|x86
		{930D789A-B5DC-4DC4-B7AB-AE29F6920FD9}.Debug|x86.Build.0 = Debug|x86
		{930D789A-B5DC-4DC4-B7AB-AE29F6920FD9}.Release|Any CPU.ActiveCfg = Release|Any CPU
		{930D789A-B5DC-4DC4-B7AB-AE29F6920FD9}.Release|Any CPU.Build.0 = Release|Any CPU
		{930D789A-B5DC-4DC4-B7AB-AE29F6920FD9}.Release|x86.ActiveCfg = Release|Any CPU
		{930D789A-B5DC-4DC4-B7AB-AE29F6920FD9}.Release|x86.Build.0 = Release|Any CPU
		{41342086-6A9D-45CD-9A81-1CC87381D255}.Debug|Any CPU.ActiveCfg = Debug|Any CPU
		{41342086-6A9D-45CD-9A81-1CC87381D255}.Debug|Any CPU.Build.0 = Debug|Any CPU
		{41342086-6A9D-45CD-9A81-1CC87381D255}.Debug|x86.ActiveCfg = Debug|Any CPU
		{41342086-6A9D-45CD-9A81-1CC87381D255}.Debug|x86.Build.0 = Debug|Any CPU
		{41342086-6A9D-45CD-9A81-1CC87381D255}.Release|Any CPU.ActiveCfg = Release|Any CPU
		{41342086-6A9D-45CD-9A81-1CC87381D255}.Release|Any CPU.Build.0 = Release|Any CPU
		{41342086-6A9D-45CD-9A81-1CC87381D255}.Release|x86.ActiveCfg = Release|Any CPU
		{41342086-6A9D-45CD-9A81-1CC87381D255}.Release|x86.Build.0 = Release|Any CPU
		{E7C115FD-C0A8-45AD-A527-369C7E4FCCB0}.Debug|Any CPU.ActiveCfg = Debug|Any CPU
		{E7C115FD-C0A8-45AD-A527-369C7E4FCCB0}.Debug|Any CPU.Build.0 = Debug|Any CPU
		{E7C115FD-C0A8-45AD-A527-369C7E4FCCB0}.Debug|x86.ActiveCfg = Debug|Any CPU
		{E7C115FD-C0A8-45AD-A527-369C7E4FCCB0}.Debug|x86.Build.0 = Debug|Any CPU
		{E7C115FD-C0A8-45AD-A527-369C7E4FCCB0}.Release|Any CPU.ActiveCfg = Release|Any CPU
		{E7C115FD-C0A8-45AD-A527-369C7E4FCCB0}.Release|Any CPU.Build.0 = Release|Any CPU
		{E7C115FD-C0A8-45AD-A527-369C7E4FCCB0}.Release|x86.ActiveCfg = Release|Any CPU
		{E7C115FD-C0A8-45AD-A527-369C7E4FCCB0}.Release|x86.Build.0 = Release|Any CPU
	EndGlobalSection
	GlobalSection(SolutionProperties) = preSolution
		HideSolutionNode = FALSE
	EndGlobalSection
	GlobalSection(ExtensibilityGlobals) = postSolution
		SolutionGuid = {148894A3-7413-4D7A-B6E9-4397D939E03F}
	EndGlobalSection
EndGlobal
