
Microsoft Visual Studio Solution File, Format Version 12.00
# Visual Studio Version 16
VisualStudioVersion = 16.0.31515.178
MinimumVisualStudioVersion = 10.0.40219.1
Project("{FAE04EC0-301F-11D3-BF4B-00C04F79EFBC}") = "Amiable.Core", "Amiable.Core\Amiable.Core.csproj", "{930D789A-B5DC-4DC4-B7AB-AE29F6920FD9}"
EndProject
Global
	GlobalSection(SolutionConfigurationPlatforms) = preSolution
		Build|x86 = Build|x86
		Debug|x86 = Debug|x86
		Release|x86 = Release|x86
	EndGlobalSection
	GlobalSection(ProjectConfigurationPlatforms) = postSolution
		{930D789A-B5DC-4DC4-B7AB-AE29F6920FD9}.Build|x86.ActiveCfg = Build|x86
		{930D789A-B5DC-4DC4-B7AB-AE29F6920FD9}.Build|x86.Build.0 = Build|x86
		{930D789A-B5DC-4DC4-B7AB-AE29F6920FD9}.Debug|x86.ActiveCfg = Build|x86
		{930D789A-B5DC-4DC4-B7AB-AE29F6920FD9}.Debug|x86.Build.0 = Build|x86
		{930D789A-B5DC-4DC4-B7AB-AE29F6920FD9}.Release|x86.ActiveCfg = Build|x86
		{930D789A-B5DC-4DC4-B7AB-AE29F6920FD9}.Release|x86.Build.0 = Build|x86
	EndGlobalSection
	GlobalSection(SolutionProperties) = preSolution
		HideSolutionNode = FALSE
	EndGlobalSection
	GlobalSection(ExtensibilityGlobals) = postSolution
		SolutionGuid = {071DFC7B-A9A6-45EB-946F-A0C214C26E1B}
	EndGlobalSection
EndGlobal
