
Microsoft Visual Studio Solution File, Format Version 12.00
# Visual Studio Version 16
VisualStudioVersion = 16.0.31515.178
MinimumVisualStudioVersion = 10.0.40219.1
Project("{9A19103F-16F7-4668-BE54-9A1E7A4F7556}") = "Amiable.Tester", "Amiable.Tester\Amiable.Tester.csproj", "{A8AA2F43-C304-4022-9F92-92460C8845CD}"
EndProject
Project("{FAE04EC0-301F-11D3-BF4B-00C04F79EFBC}") = "Amiable.Core", "Amiable.Core\Amiable.Core.csproj", "{930D789A-B5DC-4DC4-B7AB-AE29F6920FD9}"
	ProjectSection(ProjectDependencies) = postProject
		{9428AAB9-3589-41EB-916A-547E62C0955C} = {9428AAB9-3589-41EB-916A-547E62C0955C}
	EndProjectSection
EndProject
Project("{FAE04EC0-301F-11D3-BF4B-00C04F79EFBC}") = "Amiable.Example", "Amiable.Example\Amiable.Example.csproj", "{41342086-6A9D-45CD-9A81-1CC87381D255}"
EndProject
Project("{FAE04EC0-301F-11D3-BF4B-00C04F79EFBC}") = "Ami.ReplyBot", "Ami.ReplyBot\Ami.ReplyBot.csproj", "{67173E14-95DD-4734-9DAA-8E3337A237CB}"
EndProject
Project("{9A19103F-16F7-4668-BE54-9A1E7A4F7556}") = "Amiable.Adapters", "Amiable.Adapters\Amiable.Adapters.csproj", "{9428AAB9-3589-41EB-916A-547E62C0955C}"
EndProject
Project("{9A19103F-16F7-4668-BE54-9A1E7A4F7556}") = "Amiable.SDK", "Amiable.SDK\Amiable.SDK.csproj", "{13892293-78BE-48C4-AD20-2622BCB3CB06}"
EndProject
Global
	GlobalSection(SolutionConfigurationPlatforms) = preSolution
		Build|Any CPU = Build|Any CPU
		Build|x86 = Build|x86
		Debug|Any CPU = Debug|Any CPU
		Debug|x86 = Debug|x86
	EndGlobalSection
	GlobalSection(ProjectConfigurationPlatforms) = postSolution
		{A8AA2F43-C304-4022-9F92-92460C8845CD}.Build|x86.ActiveCfg = Debug|x86
		{A8AA2F43-C304-4022-9F92-92460C8845CD}.Build|x86.Build.0 = Debug|x86
		{A8AA2F43-C304-4022-9F92-92460C8845CD}.Debug|Any CPU.ActiveCfg = Debug|Any CPU
		{A8AA2F43-C304-4022-9F92-92460C8845CD}.Debug|Any CPU.Build.0 = Debug|Any CPU
		{A8AA2F43-C304-4022-9F92-92460C8845CD}.Debug|x86.ActiveCfg = Debug|x86
		{A8AA2F43-C304-4022-9F92-92460C8845CD}.Debug|x86.Build.0 = Debug|x86
		{A8AA2F43-C304-4022-9F92-92460C8845CD}.Build|Any CPU.ActiveCfg = Debug|x86
		{A8AA2F43-C304-4022-9F92-92460C8845CD}.Build|Any CPU.Build.0 = Debug|x86
		{930D789A-B5DC-4DC4-B7AB-AE29F6920FD9}.Build|Any CPU.ActiveCfg = Build|x86
		{930D789A-B5DC-4DC4-B7AB-AE29F6920FD9}.Build|x86.ActiveCfg = Build|x86
		{930D789A-B5DC-4DC4-B7AB-AE29F6920FD9}.Build|x86.Build.0 = Build|x86
		{930D789A-B5DC-4DC4-B7AB-AE29F6920FD9}.Debug|Any CPU.ActiveCfg = Build|x86
		{930D789A-B5DC-4DC4-B7AB-AE29F6920FD9}.Debug|Any CPU.Build.0 = Build|x86
		{930D789A-B5DC-4DC4-B7AB-AE29F6920FD9}.Debug|x86.ActiveCfg = Build|x86
		{930D789A-B5DC-4DC4-B7AB-AE29F6920FD9}.Debug|x86.Build.0 = Build|x86
		{41342086-6A9D-45CD-9A81-1CC87381D255}.Build|Any CPU.ActiveCfg = Release|Any CPU
		{41342086-6A9D-45CD-9A81-1CC87381D255}.Build|Any CPU.Build.0 = Release|Any CPU
		{41342086-6A9D-45CD-9A81-1CC87381D255}.Build|x86.ActiveCfg = Debug|x86
		{41342086-6A9D-45CD-9A81-1CC87381D255}.Build|x86.Build.0 = Debug|x86
		{41342086-6A9D-45CD-9A81-1CC87381D255}.Debug|Any CPU.ActiveCfg = Debug|Any CPU
		{41342086-6A9D-45CD-9A81-1CC87381D255}.Debug|Any CPU.Build.0 = Debug|Any CPU
		{41342086-6A9D-45CD-9A81-1CC87381D255}.Debug|x86.ActiveCfg = Debug|x86
		{41342086-6A9D-45CD-9A81-1CC87381D255}.Debug|x86.Build.0 = Debug|x86
		{67173E14-95DD-4734-9DAA-8E3337A237CB}.Build|Any CPU.ActiveCfg = Build_Kum|Any CPU
		{67173E14-95DD-4734-9DAA-8E3337A237CB}.Build|Any CPU.Build.0 = Build_Kum|Any CPU
		{67173E14-95DD-4734-9DAA-8E3337A237CB}.Build|x86.ActiveCfg = Debug|x86
		{67173E14-95DD-4734-9DAA-8E3337A237CB}.Debug|Any CPU.ActiveCfg = Debug|Any CPU
		{67173E14-95DD-4734-9DAA-8E3337A237CB}.Debug|Any CPU.Build.0 = Debug|Any CPU
		{67173E14-95DD-4734-9DAA-8E3337A237CB}.Debug|x86.ActiveCfg = Debug|Any CPU
		{67173E14-95DD-4734-9DAA-8E3337A237CB}.Debug|x86.Build.0 = Debug|Any CPU
		{9428AAB9-3589-41EB-916A-547E62C0955C}.Build|Any CPU.ActiveCfg = Release|Any CPU
		{9428AAB9-3589-41EB-916A-547E62C0955C}.Build|Any CPU.Build.0 = Release|Any CPU
		{9428AAB9-3589-41EB-916A-547E62C0955C}.Build|x86.ActiveCfg = Debug|Any CPU
		{9428AAB9-3589-41EB-916A-547E62C0955C}.Build|x86.Build.0 = Debug|Any CPU
		{9428AAB9-3589-41EB-916A-547E62C0955C}.Debug|Any CPU.ActiveCfg = Debug|Any CPU
		{9428AAB9-3589-41EB-916A-547E62C0955C}.Debug|Any CPU.Build.0 = Debug|Any CPU
		{9428AAB9-3589-41EB-916A-547E62C0955C}.Debug|x86.ActiveCfg = Debug|Any CPU
		{9428AAB9-3589-41EB-916A-547E62C0955C}.Debug|x86.Build.0 = Debug|Any CPU
		{13892293-78BE-48C4-AD20-2622BCB3CB06}.Build|Any CPU.ActiveCfg = Release|Any CPU
		{13892293-78BE-48C4-AD20-2622BCB3CB06}.Build|Any CPU.Build.0 = Release|Any CPU
		{13892293-78BE-48C4-AD20-2622BCB3CB06}.Build|x86.ActiveCfg = Debug|Any CPU
		{13892293-78BE-48C4-AD20-2622BCB3CB06}.Build|x86.Build.0 = Debug|Any CPU
		{13892293-78BE-48C4-AD20-2622BCB3CB06}.Debug|Any CPU.ActiveCfg = Debug|Any CPU
		{13892293-78BE-48C4-AD20-2622BCB3CB06}.Debug|Any CPU.Build.0 = Debug|Any CPU
		{13892293-78BE-48C4-AD20-2622BCB3CB06}.Debug|x86.ActiveCfg = Debug|Any CPU
		{13892293-78BE-48C4-AD20-2622BCB3CB06}.Debug|x86.Build.0 = Debug|Any CPU
	EndGlobalSection
	GlobalSection(SolutionProperties) = preSolution
		HideSolutionNode = FALSE
	EndGlobalSection
	GlobalSection(ExtensibilityGlobals) = postSolution
		SolutionGuid = {148894A3-7413-4D7A-B6E9-4397D939E03F}
	EndGlobalSection
EndGlobal
